
Microsoft Visual Studio Solution File, Format Version 12.00
# Visual Studio Version 16
VisualStudioVersion = 16.0.28902.138
MinimumVisualStudioVersion = 10.0.40219.1
Project("{FAE04EC0-301F-11D3-BF4B-00C04F79EFBC}") = "Demo.DI.WPF", "Demo.DI.WPF\Demo.DI.WPF.csproj", "{AD65C8FD-9BA5-4069-ABF6-86162B4A3F12}"
EndProject
Global
	GlobalSection(SolutionConfigurationPlatforms) = preSolution
		Debug|Any CPU = Debug|Any CPU
		Release|Any CPU = Release|Any CPU
	EndGlobalSection
	GlobalSection(ProjectConfigurationPlatforms) = postSolution
		{AD65C8FD-9BA5-4069-ABF6-86162B4A3F12}.Debug|Any CPU.ActiveCfg = Debug|Any CPU
		{AD65C8FD-9BA5-4069-ABF6-86162B4A3F12}.Debug|Any CPU.Build.0 = Debug|Any CPU
		{AD65C8FD-9BA5-4069-ABF6-86162B4A3F12}.Release|Any CPU.ActiveCfg = Release|Any CPU
		{AD65C8FD-9BA5-4069-ABF6-86162B4A3F12}.Release|Any CPU.Build.0 = Release|Any CPU
	EndGlobalSection
	GlobalSection(SolutionProperties) = preSolution
		HideSolutionNode = FALSE
	EndGlobalSection
	GlobalSection(ExtensibilityGlobals) = postSolution
		SolutionGuid = {B84227B0-4AF7-4C3A-9AE2-6F3EE624D36E}
	EndGlobalSection
EndGlobal
